// !$*UTF8*$!
{
	archiveVersion = 1;
	classes = {
	};
	objectVersion = 50;
	objects = {

/* Begin PBXBuildFile section */
		12FE0E179CC4D023D6B2503D /* Pods_AroundHearTests.framework in Frameworks */ = {isa = PBXBuildFile; fileRef = 2A0BE98EE3D8F27182919573 /* Pods_AroundHearTests.framework */; };
		6D1EF03A224C37D800407E34 /* myMusic.storyboard in Resources */ = {isa = PBXBuildFile; fileRef = 6D1EF039224C37D800407E34 /* myMusic.storyboard */; };
		6D1EF03C224C383600407E34 /* home.storyboard in Resources */ = {isa = PBXBuildFile; fileRef = 6D1EF03B224C383600407E34 /* home.storyboard */; };
		6D1EF03E224C388E00407E34 /* profile.storyboard in Resources */ = {isa = PBXBuildFile; fileRef = 6D1EF03D224C388E00407E34 /* profile.storyboard */; };
		85676C49758388C4CD94FCA8 /* Pods_AroundHearUITests.framework in Frameworks */ = {isa = PBXBuildFile; fileRef = 3C464052590FACF3D30E9AFB /* Pods_AroundHearUITests.framework */; };
		8C2BD9F7D19C735493D4E572 /* Pods_AroundHear.framework in Frameworks */ = {isa = PBXBuildFile; fileRef = 401B590B6624D8732D110AEB /* Pods_AroundHear.framework */; };
		991CCA062241AFB300492DB2 /* AppDelegate.swift in Sources */ = {isa = PBXBuildFile; fileRef = 991CCA052241AFB300492DB2 /* AppDelegate.swift */; };
		991CCA082241AFB300492DB2 /* ViewController.swift in Sources */ = {isa = PBXBuildFile; fileRef = 991CCA072241AFB300492DB2 /* ViewController.swift */; };
		991CCA0B2241AFB300492DB2 /* Main.storyboard in Resources */ = {isa = PBXBuildFile; fileRef = 991CCA092241AFB300492DB2 /* Main.storyboard */; };
		991CCA0D2241AFB400492DB2 /* Assets.xcassets in Resources */ = {isa = PBXBuildFile; fileRef = 991CCA0C2241AFB400492DB2 /* Assets.xcassets */; };
		991CCA102241AFB400492DB2 /* LaunchScreen.storyboard in Resources */ = {isa = PBXBuildFile; fileRef = 991CCA0E2241AFB400492DB2 /* LaunchScreen.storyboard */; };
		991CCA1B2241AFB400492DB2 /* AroundHearTests.swift in Sources */ = {isa = PBXBuildFile; fileRef = 991CCA1A2241AFB400492DB2 /* AroundHearTests.swift */; };
		991CCA262241AFB400492DB2 /* AroundHearUITests.swift in Sources */ = {isa = PBXBuildFile; fileRef = 991CCA252241AFB400492DB2 /* AroundHearUITests.swift */; };
		991CCA342241B68F00492DB2 /* GoogleService-Info.plist in Resources */ = {isa = PBXBuildFile; fileRef = 991CCA332241B68F00492DB2 /* GoogleService-Info.plist */; };
		99866AE9225009500010A10A /* EditProfileViewController.swift in Sources */ = {isa = PBXBuildFile; fileRef = 99866AE8225009500010A10A /* EditProfileViewController.swift */; };
		999BAE1D224DD6EA000F4C3E /* WelcomeVIewController.swift in Sources */ = {isa = PBXBuildFile; fileRef = 999BAE1C224DD6EA000F4C3E /* WelcomeVIewController.swift */; };
		999BAE1F224DD712000F4C3E /* LoginViewController.swift in Sources */ = {isa = PBXBuildFile; fileRef = 999BAE1E224DD712000F4C3E /* LoginViewController.swift */; };
		999BAE21224DD73C000F4C3E /* RegisterViewController.swift in Sources */ = {isa = PBXBuildFile; fileRef = 999BAE20224DD73C000F4C3E /* RegisterViewController.swift */; };
		999C78A2224D79CA009935C5 /* Home.swift in Sources */ = {isa = PBXBuildFile; fileRef = 999C78A1224D79CA009935C5 /* Home.swift */; };
		99A7C5A22249C17D0038B413 /* LoginRegisterViewController.swift in Sources */ = {isa = PBXBuildFile; fileRef = 99A7C5A12249C17D0038B413 /* LoginRegisterViewController.swift */; };
/* End PBXBuildFile section */

/* Begin PBXContainerItemProxy section */
		991CCA172241AFB400492DB2 /* PBXContainerItemProxy */ = {
			isa = PBXContainerItemProxy;
			containerPortal = 991CC9FA2241AFB300492DB2 /* Project object */;
			proxyType = 1;
			remoteGlobalIDString = 991CCA012241AFB300492DB2;
			remoteInfo = AroundHear;
		};
		991CCA222241AFB400492DB2 /* PBXContainerItemProxy */ = {
			isa = PBXContainerItemProxy;
			containerPortal = 991CC9FA2241AFB300492DB2 /* Project object */;
			proxyType = 1;
			remoteGlobalIDString = 991CCA012241AFB300492DB2;
			remoteInfo = AroundHear;
		};
/* End PBXContainerItemProxy section */

/* Begin PBXFileReference section */
		2A0BE98EE3D8F27182919573 /* Pods_AroundHearTests.framework */ = {isa = PBXFileReference; explicitFileType = wrapper.framework; includeInIndex = 0; path = Pods_AroundHearTests.framework; sourceTree = BUILT_PRODUCTS_DIR; };
		3C464052590FACF3D30E9AFB /* Pods_AroundHearUITests.framework */ = {isa = PBXFileReference; explicitFileType = wrapper.framework; includeInIndex = 0; path = Pods_AroundHearUITests.framework; sourceTree = BUILT_PRODUCTS_DIR; };
		401B590B6624D8732D110AEB /* Pods_AroundHear.framework */ = {isa = PBXFileReference; explicitFileType = wrapper.framework; includeInIndex = 0; path = Pods_AroundHear.framework; sourceTree = BUILT_PRODUCTS_DIR; };
		648DCB68F006297BE3D4F356 /* Pods-AroundHear.release.xcconfig */ = {isa = PBXFileReference; includeInIndex = 1; lastKnownFileType = text.xcconfig; name = "Pods-AroundHear.release.xcconfig"; path = "Pods/Target Support Files/Pods-AroundHear/Pods-AroundHear.release.xcconfig"; sourceTree = "<group>"; };
		6D1EF039224C37D800407E34 /* myMusic.storyboard */ = {isa = PBXFileReference; lastKnownFileType = file.storyboard; path = myMusic.storyboard; sourceTree = "<group>"; };
		6D1EF03B224C383600407E34 /* home.storyboard */ = {isa = PBXFileReference; lastKnownFileType = file.storyboard; path = home.storyboard; sourceTree = "<group>"; };
		6D1EF03D224C388E00407E34 /* profile.storyboard */ = {isa = PBXFileReference; lastKnownFileType = file.storyboard; path = profile.storyboard; sourceTree = "<group>"; };
		8F7AEA86AA00240F6E7FA8ED /* Pods-AroundHearTests.release.xcconfig */ = {isa = PBXFileReference; includeInIndex = 1; lastKnownFileType = text.xcconfig; name = "Pods-AroundHearTests.release.xcconfig"; path = "Pods/Target Support Files/Pods-AroundHearTests/Pods-AroundHearTests.release.xcconfig"; sourceTree = "<group>"; };
		991CCA022241AFB300492DB2 /* AroundHear.app */ = {isa = PBXFileReference; explicitFileType = wrapper.application; includeInIndex = 0; path = AroundHear.app; sourceTree = BUILT_PRODUCTS_DIR; };
		991CCA052241AFB300492DB2 /* AppDelegate.swift */ = {isa = PBXFileReference; lastKnownFileType = sourcecode.swift; path = AppDelegate.swift; sourceTree = "<group>"; };
		991CCA072241AFB300492DB2 /* ViewController.swift */ = {isa = PBXFileReference; lastKnownFileType = sourcecode.swift; path = ViewController.swift; sourceTree = "<group>"; };
		991CCA0A2241AFB300492DB2 /* Base */ = {isa = PBXFileReference; lastKnownFileType = file.storyboard; name = Base; path = Base.lproj/Main.storyboard; sourceTree = "<group>"; };
		991CCA0C2241AFB400492DB2 /* Assets.xcassets */ = {isa = PBXFileReference; lastKnownFileType = folder.assetcatalog; path = Assets.xcassets; sourceTree = "<group>"; };
		991CCA0F2241AFB400492DB2 /* Base */ = {isa = PBXFileReference; lastKnownFileType = file.storyboard; name = Base; path = Base.lproj/LaunchScreen.storyboard; sourceTree = "<group>"; };
		991CCA112241AFB400492DB2 /* Info.plist */ = {isa = PBXFileReference; lastKnownFileType = text.plist.xml; path = Info.plist; sourceTree = "<group>"; };
		991CCA162241AFB400492DB2 /* AroundHearTests.xctest */ = {isa = PBXFileReference; explicitFileType = wrapper.cfbundle; includeInIndex = 0; path = AroundHearTests.xctest; sourceTree = BUILT_PRODUCTS_DIR; };
		991CCA1A2241AFB400492DB2 /* AroundHearTests.swift */ = {isa = PBXFileReference; lastKnownFileType = sourcecode.swift; path = AroundHearTests.swift; sourceTree = "<group>"; };
		991CCA1C2241AFB400492DB2 /* Info.plist */ = {isa = PBXFileReference; lastKnownFileType = text.plist.xml; path = Info.plist; sourceTree = "<group>"; };
		991CCA212241AFB400492DB2 /* AroundHearUITests.xctest */ = {isa = PBXFileReference; explicitFileType = wrapper.cfbundle; includeInIndex = 0; path = AroundHearUITests.xctest; sourceTree = BUILT_PRODUCTS_DIR; };
		991CCA252241AFB400492DB2 /* AroundHearUITests.swift */ = {isa = PBXFileReference; lastKnownFileType = sourcecode.swift; path = AroundHearUITests.swift; sourceTree = "<group>"; };
		991CCA272241AFB400492DB2 /* Info.plist */ = {isa = PBXFileReference; lastKnownFileType = text.plist.xml; path = Info.plist; sourceTree = "<group>"; };
		991CCA332241B68F00492DB2 /* GoogleService-Info.plist */ = {isa = PBXFileReference; fileEncoding = 4; lastKnownFileType = text.plist.xml; path = "GoogleService-Info.plist"; sourceTree = "<group>"; };
		99866AE8225009500010A10A /* EditProfileViewController.swift */ = {isa = PBXFileReference; lastKnownFileType = sourcecode.swift; path = EditProfileViewController.swift; sourceTree = "<group>"; };
		999BAE1C224DD6EA000F4C3E /* WelcomeVIewController.swift */ = {isa = PBXFileReference; lastKnownFileType = sourcecode.swift; path = WelcomeVIewController.swift; sourceTree = "<group>"; };
		999BAE1E224DD712000F4C3E /* LoginViewController.swift */ = {isa = PBXFileReference; lastKnownFileType = sourcecode.swift; path = LoginViewController.swift; sourceTree = "<group>"; };
		999BAE20224DD73C000F4C3E /* RegisterViewController.swift */ = {isa = PBXFileReference; lastKnownFileType = sourcecode.swift; path = RegisterViewController.swift; sourceTree = "<group>"; };
		999C78A1224D79CA009935C5 /* Home.swift */ = {isa = PBXFileReference; lastKnownFileType = sourcecode.swift; path = Home.swift; sourceTree = "<group>"; };
		99A7C5A12249C17D0038B413 /* LoginRegisterViewController.swift */ = {isa = PBXFileReference; lastKnownFileType = sourcecode.swift; path = LoginRegisterViewController.swift; sourceTree = "<group>"; };
		AAADEC5C1600EB8BC078BBFE /* Pods-AroundHearUITests.release.xcconfig */ = {isa = PBXFileReference; includeInIndex = 1; lastKnownFileType = text.xcconfig; name = "Pods-AroundHearUITests.release.xcconfig"; path = "Pods/Target Support Files/Pods-AroundHearUITests/Pods-AroundHearUITests.release.xcconfig"; sourceTree = "<group>"; };
		D3C487993BE988B522412F6F /* Pods-AroundHear.debug.xcconfig */ = {isa = PBXFileReference; includeInIndex = 1; lastKnownFileType = text.xcconfig; name = "Pods-AroundHear.debug.xcconfig"; path = "Pods/Target Support Files/Pods-AroundHear/Pods-AroundHear.debug.xcconfig"; sourceTree = "<group>"; };
		DD180A9E515F3BA4DA2D1418 /* Pods-AroundHearUITests.debug.xcconfig */ = {isa = PBXFileReference; includeInIndex = 1; lastKnownFileType = text.xcconfig; name = "Pods-AroundHearUITests.debug.xcconfig"; path = "Pods/Target Support Files/Pods-AroundHearUITests/Pods-AroundHearUITests.debug.xcconfig"; sourceTree = "<group>"; };
		F63A9FBD8A86B48641194988 /* Pods-AroundHearTests.debug.xcconfig */ = {isa = PBXFileReference; includeInIndex = 1; lastKnownFileType = text.xcconfig; name = "Pods-AroundHearTests.debug.xcconfig"; path = "Pods/Target Support Files/Pods-AroundHearTests/Pods-AroundHearTests.debug.xcconfig"; sourceTree = "<group>"; };
/* End PBXFileReference section */

/* Begin PBXFrameworksBuildPhase section */
		991CC9FF2241AFB300492DB2 /* Frameworks */ = {
			isa = PBXFrameworksBuildPhase;
			buildActionMask = 2147483647;
			files = (
				8C2BD9F7D19C735493D4E572 /* Pods_AroundHear.framework in Frameworks */,
			);
			runOnlyForDeploymentPostprocessing = 0;
		};
		991CCA132241AFB400492DB2 /* Frameworks */ = {
			isa = PBXFrameworksBuildPhase;
			buildActionMask = 2147483647;
			files = (
				12FE0E179CC4D023D6B2503D /* Pods_AroundHearTests.framework in Frameworks */,
			);
			runOnlyForDeploymentPostprocessing = 0;
		};
		991CCA1E2241AFB400492DB2 /* Frameworks */ = {
			isa = PBXFrameworksBuildPhase;
			buildActionMask = 2147483647;
			files = (
				85676C49758388C4CD94FCA8 /* Pods_AroundHearUITests.framework in Frameworks */,
			);
			runOnlyForDeploymentPostprocessing = 0;
		};
/* End PBXFrameworksBuildPhase section */

/* Begin PBXGroup section */
		991CC9F92241AFB300492DB2 = {
			isa = PBXGroup;
			children = (
				991CCA042241AFB300492DB2 /* AroundHear */,
				991CCA192241AFB400492DB2 /* AroundHearTests */,
				991CCA242241AFB400492DB2 /* AroundHearUITests */,
				991CCA032241AFB300492DB2 /* Products */,
				BBCC14342110A5FF00F13D4D /* Pods */,
				F6ED683F3BA9601F9B724C03 /* Frameworks */,
			);
			sourceTree = "<group>";
		};
		991CCA032241AFB300492DB2 /* Products */ = {
			isa = PBXGroup;
			children = (
				991CCA022241AFB300492DB2 /* AroundHear.app */,
				991CCA162241AFB400492DB2 /* AroundHearTests.xctest */,
				991CCA212241AFB400492DB2 /* AroundHearUITests.xctest */,
			);
			name = Products;
			sourceTree = "<group>";
		};
		991CCA042241AFB300492DB2 /* AroundHear */ = {
			isa = PBXGroup;
			children = (
				991CCA332241B68F00492DB2 /* GoogleService-Info.plist */,
				991CCA052241AFB300492DB2 /* AppDelegate.swift */,
				991CCA072241AFB300492DB2 /* ViewController.swift */,
				991CCA092241AFB300492DB2 /* Main.storyboard */,
				6D1EF039224C37D800407E34 /* myMusic.storyboard */,
				6D1EF03B224C383600407E34 /* home.storyboard */,
				6D1EF03D224C388E00407E34 /* profile.storyboard */,
				991CCA0C2241AFB400492DB2 /* Assets.xcassets */,
				991CCA0E2241AFB400492DB2 /* LaunchScreen.storyboard */,
				991CCA112241AFB400492DB2 /* Info.plist */,
				99A7C5A12249C17D0038B413 /* LoginRegisterViewController.swift */,
				999C78A1224D79CA009935C5 /* Home.swift */,
				999BAE1C224DD6EA000F4C3E /* WelcomeVIewController.swift */,
				999BAE1E224DD712000F4C3E /* LoginViewController.swift */,
				999BAE20224DD73C000F4C3E /* RegisterViewController.swift */,
				99866AE8225009500010A10A /* EditProfileViewController.swift */,
			);
			path = AroundHear;
			sourceTree = "<group>";
		};
		991CCA192241AFB400492DB2 /* AroundHearTests */ = {
			isa = PBXGroup;
			children = (
				991CCA1A2241AFB400492DB2 /* AroundHearTests.swift */,
				991CCA1C2241AFB400492DB2 /* Info.plist */,
			);
			path = AroundHearTests;
			sourceTree = "<group>";
		};
		991CCA242241AFB400492DB2 /* AroundHearUITests */ = {
			isa = PBXGroup;
			children = (
				991CCA252241AFB400492DB2 /* AroundHearUITests.swift */,
				991CCA272241AFB400492DB2 /* Info.plist */,
			);
			path = AroundHearUITests;
			sourceTree = "<group>";
		};
		BBCC14342110A5FF00F13D4D /* Pods */ = {
			isa = PBXGroup;
			children = (
				D3C487993BE988B522412F6F /* Pods-AroundHear.debug.xcconfig */,
				648DCB68F006297BE3D4F356 /* Pods-AroundHear.release.xcconfig */,
				F63A9FBD8A86B48641194988 /* Pods-AroundHearTests.debug.xcconfig */,
				8F7AEA86AA00240F6E7FA8ED /* Pods-AroundHearTests.release.xcconfig */,
				DD180A9E515F3BA4DA2D1418 /* Pods-AroundHearUITests.debug.xcconfig */,
				AAADEC5C1600EB8BC078BBFE /* Pods-AroundHearUITests.release.xcconfig */,
			);
			name = Pods;
			sourceTree = "<group>";
		};
		F6ED683F3BA9601F9B724C03 /* Frameworks */ = {
			isa = PBXGroup;
			children = (
				401B590B6624D8732D110AEB /* Pods_AroundHear.framework */,
				2A0BE98EE3D8F27182919573 /* Pods_AroundHearTests.framework */,
				3C464052590FACF3D30E9AFB /* Pods_AroundHearUITests.framework */,
			);
			name = Frameworks;
			sourceTree = "<group>";
		};
/* End PBXGroup section */

/* Begin PBXNativeTarget section */
		991CCA012241AFB300492DB2 /* AroundHear */ = {
			isa = PBXNativeTarget;
			buildConfigurationList = 991CCA2A2241AFB400492DB2 /* Build configuration list for PBXNativeTarget "AroundHear" */;
			buildPhases = (
				0C62E4680227A2EF78AF4BBE /* [CP] Check Pods Manifest.lock */,
				991CC9FE2241AFB300492DB2 /* Sources */,
				991CC9FF2241AFB300492DB2 /* Frameworks */,
				991CCA002241AFB300492DB2 /* Resources */,
				079F5A9572CE9EF71B40D3F9 /* [CP] Embed Pods Frameworks */,
				6BCA1A285D7FA900FBFAB16E /* [CP] Copy Pods Resources */,
			);
			buildRules = (
			);
			dependencies = (
			);
			name = AroundHear;
			productName = AroundHear;
			productReference = 991CCA022241AFB300492DB2 /* AroundHear.app */;
			productType = "com.apple.product-type.application";
		};
		991CCA152241AFB400492DB2 /* AroundHearTests */ = {
			isa = PBXNativeTarget;
			buildConfigurationList = 991CCA2D2241AFB400492DB2 /* Build configuration list for PBXNativeTarget "AroundHearTests" */;
			buildPhases = (
				845B30813C7F3B70677B6F6D /* [CP] Check Pods Manifest.lock */,
				991CCA122241AFB400492DB2 /* Sources */,
				991CCA132241AFB400492DB2 /* Frameworks */,
				991CCA142241AFB400492DB2 /* Resources */,
			);
			buildRules = (
			);
			dependencies = (
				991CCA182241AFB400492DB2 /* PBXTargetDependency */,
			);
			name = AroundHearTests;
			productName = AroundHearTests;
			productReference = 991CCA162241AFB400492DB2 /* AroundHearTests.xctest */;
			productType = "com.apple.product-type.bundle.unit-test";
		};
		991CCA202241AFB400492DB2 /* AroundHearUITests */ = {
			isa = PBXNativeTarget;
			buildConfigurationList = 991CCA302241AFB400492DB2 /* Build configuration list for PBXNativeTarget "AroundHearUITests" */;
			buildPhases = (
				E253583BC4311B66FC82066E /* [CP] Check Pods Manifest.lock */,
				991CCA1D2241AFB400492DB2 /* Sources */,
				991CCA1E2241AFB400492DB2 /* Frameworks */,
				991CCA1F2241AFB400492DB2 /* Resources */,
			);
			buildRules = (
			);
			dependencies = (
				991CCA232241AFB400492DB2 /* PBXTargetDependency */,
			);
			name = AroundHearUITests;
			productName = AroundHearUITests;
			productReference = 991CCA212241AFB400492DB2 /* AroundHearUITests.xctest */;
			productType = "com.apple.product-type.bundle.ui-testing";
		};
/* End PBXNativeTarget section */

/* Begin PBXProject section */
		991CC9FA2241AFB300492DB2 /* Project object */ = {
			isa = PBXProject;
			attributes = {
				LastSwiftUpdateCheck = 1010;
				LastUpgradeCheck = 1010;
				ORGANIZATIONNAME = Guillermo;
				TargetAttributes = {
					991CCA012241AFB300492DB2 = {
						CreatedOnToolsVersion = 10.1;
					};
					991CCA152241AFB400492DB2 = {
						CreatedOnToolsVersion = 10.1;
						TestTargetID = 991CCA012241AFB300492DB2;
					};
					991CCA202241AFB400492DB2 = {
						CreatedOnToolsVersion = 10.1;
						TestTargetID = 991CCA012241AFB300492DB2;
					};
				};
			};
			buildConfigurationList = 991CC9FD2241AFB300492DB2 /* Build configuration list for PBXProject "AroundHear" */;
			compatibilityVersion = "Xcode 9.3";
			developmentRegion = en;
			hasScannedForEncodings = 0;
			knownRegions = (
				en,
				Base,
			);
			mainGroup = 991CC9F92241AFB300492DB2;
			productRefGroup = 991CCA032241AFB300492DB2 /* Products */;
			projectDirPath = "";
			projectRoot = "";
			targets = (
				991CCA012241AFB300492DB2 /* AroundHear */,
				991CCA152241AFB400492DB2 /* AroundHearTests */,
				991CCA202241AFB400492DB2 /* AroundHearUITests */,
			);
		};
/* End PBXProject section */

/* Begin PBXResourcesBuildPhase section */
		991CCA002241AFB300492DB2 /* Resources */ = {
			isa = PBXResourcesBuildPhase;
			buildActionMask = 2147483647;
			files = (
				6D1EF03E224C388E00407E34 /* profile.storyboard in Resources */,
				991CCA102241AFB400492DB2 /* LaunchScreen.storyboard in Resources */,
				6D1EF03C224C383600407E34 /* home.storyboard in Resources */,
				991CCA342241B68F00492DB2 /* GoogleService-Info.plist in Resources */,
				991CCA0D2241AFB400492DB2 /* Assets.xcassets in Resources */,
				6D1EF03A224C37D800407E34 /* myMusic.storyboard in Resources */,
				991CCA0B2241AFB300492DB2 /* Main.storyboard in Resources */,
			);
			runOnlyForDeploymentPostprocessing = 0;
		};
		991CCA142241AFB400492DB2 /* Resources */ = {
			isa = PBXResourcesBuildPhase;
			buildActionMask = 2147483647;
			files = (
			);
			runOnlyForDeploymentPostprocessing = 0;
		};
		991CCA1F2241AFB400492DB2 /* Resources */ = {
			isa = PBXResourcesBuildPhase;
			buildActionMask = 2147483647;
			files = (
			);
			runOnlyForDeploymentPostprocessing = 0;
		};
/* End PBXResourcesBuildPhase section */

/* Begin PBXShellScriptBuildPhase section */
		079F5A9572CE9EF71B40D3F9 /* [CP] Embed Pods Frameworks */ = {
			isa = PBXShellScriptBuildPhase;
			buildActionMask = 2147483647;
			files = (
			);
			inputFileListPaths = (
			);
			inputPaths = (
				"${SRCROOT}/Pods/Target Support Files/Pods-AroundHear/Pods-AroundHear-frameworks.sh",
				"${BUILT_PRODUCTS_DIR}/BoringSSL-GRPC/openssl_grpc.framework",
				"${BUILT_PRODUCTS_DIR}/GTMSessionFetcher/GTMSessionFetcher.framework",
				"${BUILT_PRODUCTS_DIR}/GoogleToolboxForMac/GoogleToolboxForMac.framework",
				"${BUILT_PRODUCTS_DIR}/Protobuf/Protobuf.framework",
				"${BUILT_PRODUCTS_DIR}/gRPC/GRPCClient.framework",
				"${BUILT_PRODUCTS_DIR}/gRPC-Core/grpc.framework",
				"${BUILT_PRODUCTS_DIR}/gRPC-ProtoRPC/ProtoRPC.framework",
				"${BUILT_PRODUCTS_DIR}/gRPC-RxLibrary/RxLibrary.framework",
				"${BUILT_PRODUCTS_DIR}/leveldb-library/leveldb.framework",
				"${BUILT_PRODUCTS_DIR}/nanopb/nanopb.framework",
			);
			name = "[CP] Embed Pods Frameworks";
			outputFileListPaths = (
			);
			outputPaths = (
				"${TARGET_BUILD_DIR}/${FRAMEWORKS_FOLDER_PATH}/openssl_grpc.framework",
				"${TARGET_BUILD_DIR}/${FRAMEWORKS_FOLDER_PATH}/GTMSessionFetcher.framework",
				"${TARGET_BUILD_DIR}/${FRAMEWORKS_FOLDER_PATH}/GoogleToolboxForMac.framework",
				"${TARGET_BUILD_DIR}/${FRAMEWORKS_FOLDER_PATH}/Protobuf.framework",
				"${TARGET_BUILD_DIR}/${FRAMEWORKS_FOLDER_PATH}/GRPCClient.framework",
				"${TARGET_BUILD_DIR}/${FRAMEWORKS_FOLDER_PATH}/grpc.framework",
				"${TARGET_BUILD_DIR}/${FRAMEWORKS_FOLDER_PATH}/ProtoRPC.framework",
				"${TARGET_BUILD_DIR}/${FRAMEWORKS_FOLDER_PATH}/RxLibrary.framework",
				"${TARGET_BUILD_DIR}/${FRAMEWORKS_FOLDER_PATH}/leveldb.framework",
				"${TARGET_BUILD_DIR}/${FRAMEWORKS_FOLDER_PATH}/nanopb.framework",
			);
			runOnlyForDeploymentPostprocessing = 0;
			shellPath = /bin/sh;
			shellScript = "\"${SRCROOT}/Pods/Target Support Files/Pods-AroundHear/Pods-AroundHear-frameworks.sh\"\n";
			showEnvVarsInLog = 0;
		};
		0C62E4680227A2EF78AF4BBE /* [CP] Check Pods Manifest.lock */ = {
			isa = PBXShellScriptBuildPhase;
			buildActionMask = 2147483647;
			files = (
			);
			inputFileListPaths = (
			);
			inputPaths = (
				"${PODS_PODFILE_DIR_PATH}/Podfile.lock",
				"${PODS_ROOT}/Manifest.lock",
			);
			name = "[CP] Check Pods Manifest.lock";
			outputFileListPaths = (
			);
			outputPaths = (
				"$(DERIVED_FILE_DIR)/Pods-AroundHear-checkManifestLockResult.txt",
			);
			runOnlyForDeploymentPostprocessing = 0;
			shellPath = /bin/sh;
			shellScript = "diff \"${PODS_PODFILE_DIR_PATH}/Podfile.lock\" \"${PODS_ROOT}/Manifest.lock\" > /dev/null\nif [ $? != 0 ] ; then\n    # print error to STDERR\n    echo \"error: The sandbox is not in sync with the Podfile.lock. Run 'pod install' or update your CocoaPods installation.\" >&2\n    exit 1\nfi\n# This output is used by Xcode 'outputs' to avoid re-running this script phase.\necho \"SUCCESS\" > \"${SCRIPT_OUTPUT_FILE_0}\"\n";
			showEnvVarsInLog = 0;
		};
		6BCA1A285D7FA900FBFAB16E /* [CP] Copy Pods Resources */ = {
			isa = PBXShellScriptBuildPhase;
			buildActionMask = 2147483647;
			files = (
			);
			inputFileListPaths = (
			);
			inputPaths = (
				"${SRCROOT}/Pods/Target Support Files/Pods-AroundHear/Pods-AroundHear-resources.sh",
				"${PODS_CONFIGURATION_BUILD_DIR}/FirebaseUI/FirebaseAuthUI.bundle",
			);
			name = "[CP] Copy Pods Resources";
			outputFileListPaths = (
			);
			outputPaths = (
				"${TARGET_BUILD_DIR}/${UNLOCALIZED_RESOURCES_FOLDER_PATH}/FirebaseAuthUI.bundle",
			);
			runOnlyForDeploymentPostprocessing = 0;
			shellPath = /bin/sh;
			shellScript = "\"${SRCROOT}/Pods/Target Support Files/Pods-AroundHear/Pods-AroundHear-resources.sh\"\n";
			showEnvVarsInLog = 0;
		};
		845B30813C7F3B70677B6F6D /* [CP] Check Pods Manifest.lock */ = {
			isa = PBXShellScriptBuildPhase;
			buildActionMask = 2147483647;
			files = (
			);
			inputFileListPaths = (
			);
			inputPaths = (
				"${PODS_PODFILE_DIR_PATH}/Podfile.lock",
				"${PODS_ROOT}/Manifest.lock",
			);
			name = "[CP] Check Pods Manifest.lock";
			outputFileListPaths = (
			);
			outputPaths = (
				"$(DERIVED_FILE_DIR)/Pods-AroundHearTests-checkManifestLockResult.txt",
			);
			runOnlyForDeploymentPostprocessing = 0;
			shellPath = /bin/sh;
			shellScript = "diff \"${PODS_PODFILE_DIR_PATH}/Podfile.lock\" \"${PODS_ROOT}/Manifest.lock\" > /dev/null\nif [ $? != 0 ] ; then\n    # print error to STDERR\n    echo \"error: The sandbox is not in sync with the Podfile.lock. Run 'pod install' or update your CocoaPods installation.\" >&2\n    exit 1\nfi\n# This output is used by Xcode 'outputs' to avoid re-running this script phase.\necho \"SUCCESS\" > \"${SCRIPT_OUTPUT_FILE_0}\"\n";
			showEnvVarsInLog = 0;
		};
		E253583BC4311B66FC82066E /* [CP] Check Pods Manifest.lock */ = {
			isa = PBXShellScriptBuildPhase;
			buildActionMask = 2147483647;
			files = (
			);
			inputFileListPaths = (
			);
			inputPaths = (
				"${PODS_PODFILE_DIR_PATH}/Podfile.lock",
				"${PODS_ROOT}/Manifest.lock",
			);
			name = "[CP] Check Pods Manifest.lock";
			outputFileListPaths = (
			);
			outputPaths = (
				"$(DERIVED_FILE_DIR)/Pods-AroundHearUITests-checkManifestLockResult.txt",
			);
			runOnlyForDeploymentPostprocessing = 0;
			shellPath = /bin/sh;
			shellScript = "diff \"${PODS_PODFILE_DIR_PATH}/Podfile.lock\" \"${PODS_ROOT}/Manifest.lock\" > /dev/null\nif [ $? != 0 ] ; then\n    # print error to STDERR\n    echo \"error: The sandbox is not in sync with the Podfile.lock. Run 'pod install' or update your CocoaPods installation.\" >&2\n    exit 1\nfi\n# This output is used by Xcode 'outputs' to avoid re-running this script phase.\necho \"SUCCESS\" > \"${SCRIPT_OUTPUT_FILE_0}\"\n";
			showEnvVarsInLog = 0;
		};
/* End PBXShellScriptBuildPhase section */

/* Begin PBXSourcesBuildPhase section */
		991CC9FE2241AFB300492DB2 /* Sources */ = {
			isa = PBXSourcesBuildPhase;
			buildActionMask = 2147483647;
			files = (
				99866AE9225009500010A10A /* EditProfileViewController.swift in Sources */,
				999BAE1F224DD712000F4C3E /* LoginViewController.swift in Sources */,
				99A7C5A22249C17D0038B413 /* LoginRegisterViewController.swift in Sources */,
				999BAE21224DD73C000F4C3E /* RegisterViewController.swift in Sources */,
				991CCA082241AFB300492DB2 /* ViewController.swift in Sources */,
				999C78A2224D79CA009935C5 /* Home.swift in Sources */,
				991CCA062241AFB300492DB2 /* AppDelegate.swift in Sources */,
				999BAE1D224DD6EA000F4C3E /* WelcomeVIewController.swift in Sources */,
			);
			runOnlyForDeploymentPostprocessing = 0;
		};
		991CCA122241AFB400492DB2 /* Sources */ = {
			isa = PBXSourcesBuildPhase;
			buildActionMask = 2147483647;
			files = (
				991CCA1B2241AFB400492DB2 /* AroundHearTests.swift in Sources */,
			);
			runOnlyForDeploymentPostprocessing = 0;
		};
		991CCA1D2241AFB400492DB2 /* Sources */ = {
			isa = PBXSourcesBuildPhase;
			buildActionMask = 2147483647;
			files = (
				991CCA262241AFB400492DB2 /* AroundHearUITests.swift in Sources */,
			);
			runOnlyForDeploymentPostprocessing = 0;
		};
/* End PBXSourcesBuildPhase section */

/* Begin PBXTargetDependency section */
		991CCA182241AFB400492DB2 /* PBXTargetDependency */ = {
			isa = PBXTargetDependency;
			target = 991CCA012241AFB300492DB2 /* AroundHear */;
			targetProxy = 991CCA172241AFB400492DB2 /* PBXContainerItemProxy */;
		};
		991CCA232241AFB400492DB2 /* PBXTargetDependency */ = {
			isa = PBXTargetDependency;
			target = 991CCA012241AFB300492DB2 /* AroundHear */;
			targetProxy = 991CCA222241AFB400492DB2 /* PBXContainerItemProxy */;
		};
/* End PBXTargetDependency section */

/* Begin PBXVariantGroup section */
		991CCA092241AFB300492DB2 /* Main.storyboard */ = {
			isa = PBXVariantGroup;
			children = (
				991CCA0A2241AFB300492DB2 /* Base */,
			);
			name = Main.storyboard;
			sourceTree = "<group>";
		};
		991CCA0E2241AFB400492DB2 /* LaunchScreen.storyboard */ = {
			isa = PBXVariantGroup;
			children = (
				991CCA0F2241AFB400492DB2 /* Base */,
			);
			name = LaunchScreen.storyboard;
			sourceTree = "<group>";
		};
/* End PBXVariantGroup section */

/* Begin XCBuildConfiguration section */
		991CCA282241AFB400492DB2 /* Debug */ = {
			isa = XCBuildConfiguration;
			buildSettings = {
				ALWAYS_SEARCH_USER_PATHS = NO;
				CLANG_ANALYZER_NONNULL = YES;
				CLANG_ANALYZER_NUMBER_OBJECT_CONVERSION = YES_AGGRESSIVE;
				CLANG_CXX_LANGUAGE_STANDARD = "gnu++14";
				CLANG_CXX_LIBRARY = "libc++";
				CLANG_ENABLE_MODULES = YES;
				CLANG_ENABLE_OBJC_ARC = YES;
				CLANG_ENABLE_OBJC_WEAK = YES;
				CLANG_WARN_BLOCK_CAPTURE_AUTORELEASING = YES;
				CLANG_WARN_BOOL_CONVERSION = YES;
				CLANG_WARN_COMMA = YES;
				CLANG_WARN_CONSTANT_CONVERSION = YES;
				CLANG_WARN_DEPRECATED_OBJC_IMPLEMENTATIONS = YES;
				CLANG_WARN_DIRECT_OBJC_ISA_USAGE = YES_ERROR;
				CLANG_WARN_DOCUMENTATION_COMMENTS = YES;
				CLANG_WARN_EMPTY_BODY = YES;
				CLANG_WARN_ENUM_CONVERSION = YES;
				CLANG_WARN_INFINITE_RECURSION = YES;
				CLANG_WARN_INT_CONVERSION = YES;
				CLANG_WARN_NON_LITERAL_NULL_CONVERSION = YES;
				CLANG_WARN_OBJC_IMPLICIT_RETAIN_SELF = YES;
				CLANG_WARN_OBJC_LITERAL_CONVERSION = YES;
				CLANG_WARN_OBJC_ROOT_CLASS = YES_ERROR;
				CLANG_WARN_RANGE_LOOP_ANALYSIS = YES;
				CLANG_WARN_STRICT_PROTOTYPES = YES;
				CLANG_WARN_SUSPICIOUS_MOVE = YES;
				CLANG_WARN_UNGUARDED_AVAILABILITY = YES_AGGRESSIVE;
				CLANG_WARN_UNREACHABLE_CODE = YES;
				CLANG_WARN__DUPLICATE_METHOD_MATCH = YES;
				CODE_SIGN_IDENTITY = "iPhone Developer";
				COPY_PHASE_STRIP = NO;
				DEBUG_INFORMATION_FORMAT = dwarf;
				ENABLE_STRICT_OBJC_MSGSEND = YES;
				ENABLE_TESTABILITY = YES;
				GCC_C_LANGUAGE_STANDARD = gnu11;
				GCC_DYNAMIC_NO_PIC = NO;
				GCC_NO_COMMON_BLOCKS = YES;
				GCC_OPTIMIZATION_LEVEL = 0;
				GCC_PREPROCESSOR_DEFINITIONS = (
					"DEBUG=1",
					"$(inherited)",
				);
				GCC_WARN_64_TO_32_BIT_CONVERSION = YES;
				GCC_WARN_ABOUT_RETURN_TYPE = YES_ERROR;
				GCC_WARN_UNDECLARED_SELECTOR = YES;
				GCC_WARN_UNINITIALIZED_AUTOS = YES_AGGRESSIVE;
				GCC_WARN_UNUSED_FUNCTION = YES;
				GCC_WARN_UNUSED_VARIABLE = YES;
				IPHONEOS_DEPLOYMENT_TARGET = 12.1;
				MTL_ENABLE_DEBUG_INFO = INCLUDE_SOURCE;
				MTL_FAST_MATH = YES;
				ONLY_ACTIVE_ARCH = YES;
				SDKROOT = iphoneos;
				SWIFT_ACTIVE_COMPILATION_CONDITIONS = DEBUG;
				SWIFT_OPTIMIZATION_LEVEL = "-Onone";
			};
			name = Debug;
		};
		991CCA292241AFB400492DB2 /* Release */ = {
			isa = XCBuildConfiguration;
			buildSettings = {
				ALWAYS_SEARCH_USER_PATHS = NO;
				CLANG_ANALYZER_NONNULL = YES;
				CLANG_ANALYZER_NUMBER_OBJECT_CONVERSION = YES_AGGRESSIVE;
				CLANG_CXX_LANGUAGE_STANDARD = "gnu++14";
				CLANG_CXX_LIBRARY = "libc++";
				CLANG_ENABLE_MODULES = YES;
				CLANG_ENABLE_OBJC_ARC = YES;
				CLANG_ENABLE_OBJC_WEAK = YES;
				CLANG_WARN_BLOCK_CAPTURE_AUTORELEASING = YES;
				CLANG_WARN_BOOL_CONVERSION = YES;
				CLANG_WARN_COMMA = YES;
				CLANG_WARN_CONSTANT_CONVERSION = YES;
				CLANG_WARN_DEPRECATED_OBJC_IMPLEMENTATIONS = YES;
				CLANG_WARN_DIRECT_OBJC_ISA_USAGE = YES_ERROR;
				CLANG_WARN_DOCUMENTATION_COMMENTS = YES;
				CLANG_WARN_EMPTY_BODY = YES;
				CLANG_WARN_ENUM_CONVERSION = YES;
				CLANG_WARN_INFINITE_RECURSION = YES;
				CLANG_WARN_INT_CONVERSION = YES;
				CLANG_WARN_NON_LITERAL_NULL_CONVERSION = YES;
				CLANG_WARN_OBJC_IMPLICIT_RETAIN_SELF = YES;
				CLANG_WARN_OBJC_LITERAL_CONVERSION = YES;
				CLANG_WARN_OBJC_ROOT_CLASS = YES_ERROR;
				CLANG_WARN_RANGE_LOOP_ANALYSIS = YES;
				CLANG_WARN_STRICT_PROTOTYPES = YES;
				CLANG_WARN_SUSPICIOUS_MOVE = YES;
				CLANG_WARN_UNGUARDED_AVAILABILITY = YES_AGGRESSIVE;
				CLANG_WARN_UNREACHABLE_CODE = YES;
				CLANG_WARN__DUPLICATE_METHOD_MATCH = YES;
				CODE_SIGN_IDENTITY = "iPhone Developer";
				COPY_PHASE_STRIP = NO;
				DEBUG_INFORMATION_FORMAT = "dwarf-with-dsym";
				ENABLE_NS_ASSERTIONS = NO;
				ENABLE_STRICT_OBJC_MSGSEND = YES;
				GCC_C_LANGUAGE_STANDARD = gnu11;
				GCC_NO_COMMON_BLOCKS = YES;
				GCC_WARN_64_TO_32_BIT_CONVERSION = YES;
				GCC_WARN_ABOUT_RETURN_TYPE = YES_ERROR;
				GCC_WARN_UNDECLARED_SELECTOR = YES;
				GCC_WARN_UNINITIALIZED_AUTOS = YES_AGGRESSIVE;
				GCC_WARN_UNUSED_FUNCTION = YES;
				GCC_WARN_UNUSED_VARIABLE = YES;
				IPHONEOS_DEPLOYMENT_TARGET = 12.1;
				MTL_ENABLE_DEBUG_INFO = NO;
				MTL_FAST_MATH = YES;
				SDKROOT = iphoneos;
				SWIFT_COMPILATION_MODE = wholemodule;
				SWIFT_OPTIMIZATION_LEVEL = "-O";
				VALIDATE_PRODUCT = YES;
			};
			name = Release;
		};
		991CCA2B2241AFB400492DB2 /* Debug */ = {
			isa = XCBuildConfiguration;
			baseConfigurationReference = D3C487993BE988B522412F6F /* Pods-AroundHear.debug.xcconfig */;
			buildSettings = {
				ASSETCATALOG_COMPILER_APPICON_NAME = AppIcon;
				CODE_SIGN_STYLE = Automatic;
				INFOPLIST_FILE = AroundHear/Info.plist;
				LD_RUNPATH_SEARCH_PATHS = (
					"$(inherited)",
					"@executable_path/Frameworks",
				);
				PRODUCT_BUNDLE_IDENTIFIER = com.guillermo.AroundHear;
				PRODUCT_NAME = "$(TARGET_NAME)";
				SWIFT_VERSION = 4.2;
				TARGETED_DEVICE_FAMILY = "1,2";
			};
			name = Debug;
		};
		991CCA2C2241AFB400492DB2 /* Release */ = {
			isa = XCBuildConfiguration;
			baseConfigurationReference = 648DCB68F006297BE3D4F356 /* Pods-AroundHear.release.xcconfig */;
			buildSettings = {
				ASSETCATALOG_COMPILER_APPICON_NAME = AppIcon;
				CODE_SIGN_STYLE = Automatic;
				INFOPLIST_FILE = AroundHear/Info.plist;
				LD_RUNPATH_SEARCH_PATHS = (
					"$(inherited)",
					"@executable_path/Frameworks",
				);
				PRODUCT_BUNDLE_IDENTIFIER = com.guillermo.AroundHear;
				PRODUCT_NAME = "$(TARGET_NAME)";
				SWIFT_VERSION = 4.2;
				TARGETED_DEVICE_FAMILY = "1,2";
			};
			name = Release;
		};
		991CCA2E2241AFB400492DB2 /* Debug */ = {
			isa = XCBuildConfiguration;
			baseConfigurationReference = F63A9FBD8A86B48641194988 /* Pods-AroundHearTests.debug.xcconfig */;
			buildSettings = {
				ALWAYS_EMBED_SWIFT_STANDARD_LIBRARIES = YES;
				BUNDLE_LOADER = "$(TEST_HOST)";
				CODE_SIGN_STYLE = Automatic;
				INFOPLIST_FILE = AroundHearTests/Info.plist;
				LD_RUNPATH_SEARCH_PATHS = (
					"$(inherited)",
					"@executable_path/Frameworks",
					"@loader_path/Frameworks",
				);
				PRODUCT_BUNDLE_IDENTIFIER = com.guillermo.AroundHearTests;
				PRODUCT_NAME = "$(TARGET_NAME)";
				SWIFT_VERSION = 4.2;
				TARGETED_DEVICE_FAMILY = "1,2";
				TEST_HOST = "$(BUILT_PRODUCTS_DIR)/AroundHear.app/AroundHear";
			};
			name = Debug;
		};
		991CCA2F2241AFB400492DB2 /* Release */ = {
			isa = XCBuildConfiguration;
			baseConfigurationReference = 8F7AEA86AA00240F6E7FA8ED /* Pods-AroundHearTests.release.xcconfig */;
			buildSettings = {
				ALWAYS_EMBED_SWIFT_STANDARD_LIBRARIES = YES;
				BUNDLE_LOADER = "$(TEST_HOST)";
				CODE_SIGN_STYLE = Automatic;
				INFOPLIST_FILE = AroundHearTests/Info.plist;
				LD_RUNPATH_SEARCH_PATHS = (
					"$(inherited)",
					"@executable_path/Frameworks",
					"@loader_path/Frameworks",
				);
				PRODUCT_BUNDLE_IDENTIFIER = com.guillermo.AroundHearTests;
				PRODUCT_NAME = "$(TARGET_NAME)";
				SWIFT_VERSION = 4.2;
				TARGETED_DEVICE_FAMILY = "1,2";
				TEST_HOST = "$(BUILT_PRODUCTS_DIR)/AroundHear.app/AroundHear";
			};
			name = Release;
		};
		991CCA312241AFB400492DB2 /* Debug */ = {
			isa = XCBuildConfiguration;
			baseConfigurationReference = DD180A9E515F3BA4DA2D1418 /* Pods-AroundHearUITests.debug.xcconfig */;
			buildSettings = {
				ALWAYS_EMBED_SWIFT_STANDARD_LIBRARIES = YES;
				CODE_SIGN_STYLE = Automatic;
				INFOPLIST_FILE = AroundHearUITests/Info.plist;
				LD_RUNPATH_SEARCH_PATHS = (
					"$(inherited)",
					"@executable_path/Frameworks",
					"@loader_path/Frameworks",
				);
				PRODUCT_BUNDLE_IDENTIFIER = com.guillermo.AroundHearUITests;
				PRODUCT_NAME = "$(TARGET_NAME)";
				SWIFT_VERSION = 4.2;
				TARGETED_DEVICE_FAMILY = "1,2";
				TEST_TARGET_NAME = AroundHear;
			};
			name = Debug;
		};
		991CCA322241AFB400492DB2 /* Release */ = {
			isa = XCBuildConfiguration;
			baseConfigurationReference = AAADEC5C1600EB8BC078BBFE /* Pods-AroundHearUITests.release.xcconfig */;
			buildSettings = {
				ALWAYS_EMBED_SWIFT_STANDARD_LIBRARIES = YES;
				CODE_SIGN_STYLE = Automatic;
				INFOPLIST_FILE = AroundHearUITests/Info.plist;
				LD_RUNPATH_SEARCH_PATHS = (
					"$(inherited)",
					"@executable_path/Frameworks",
					"@loader_path/Frameworks",
				);
				PRODUCT_BUNDLE_IDENTIFIER = com.guillermo.AroundHearUITests;
				PRODUCT_NAME = "$(TARGET_NAME)";
				SWIFT_VERSION = 4.2;
				TARGETED_DEVICE_FAMILY = "1,2";
				TEST_TARGET_NAME = AroundHear;
			};
			name = Release;
		};
/* End XCBuildConfiguration section */

/* Begin XCConfigurationList section */
		991CC9FD2241AFB300492DB2 /* Build configuration list for PBXProject "AroundHear" */ = {
			isa = XCConfigurationList;
			buildConfigurations = (
				991CCA282241AFB400492DB2 /* Debug */,
				991CCA292241AFB400492DB2 /* Release */,
			);
			defaultConfigurationIsVisible = 0;
			defaultConfigurationName = Release;
		};
		991CCA2A2241AFB400492DB2 /* Build configuration list for PBXNativeTarget "AroundHear" */ = {
			isa = XCConfigurationList;
			buildConfigurations = (
				991CCA2B2241AFB400492DB2 /* Debug */,
				991CCA2C2241AFB400492DB2 /* Release */,
			);
			defaultConfigurationIsVisible = 0;
			defaultConfigurationName = Release;
		};
		991CCA2D2241AFB400492DB2 /* Build configuration list for PBXNativeTarget "AroundHearTests" */ = {
			isa = XCConfigurationList;
			buildConfigurations = (
				991CCA2E2241AFB400492DB2 /* Debug */,
				991CCA2F2241AFB400492DB2 /* Release */,
			);
			defaultConfigurationIsVisible = 0;
			defaultConfigurationName = Release;
		};
		991CCA302241AFB400492DB2 /* Build configuration list for PBXNativeTarget "AroundHearUITests" */ = {
			isa = XCConfigurationList;
			buildConfigurations = (
				991CCA312241AFB400492DB2 /* Debug */,
				991CCA322241AFB400492DB2 /* Release */,
			);
			defaultConfigurationIsVisible = 0;
			defaultConfigurationName = Release;
		};
/* End XCConfigurationList section */
	};
	rootObject = 991CC9FA2241AFB300492DB2 /* Project object */;
}
